
Microsoft Visual Studio Solution File, Format Version 12.00
# Visual Studio Version 17
VisualStudioVersion = 17.8.34511.84
MinimumVisualStudioVersion = 10.0.40219.1
Project("{FAE04EC0-301F-11D3-BF4B-00C04F79EFBC}") = "backend", "backend.csproj", "{8522599A-AA3E-45F7-950A-2C8FF675BC0B}"
EndProject
Global
	GlobalSection(SolutionConfigurationPlatforms) = preSolution
		Debug|Any CPU = Debug|Any CPU
		Release|Any CPU = Release|Any CPU
	EndGlobalSection
	GlobalSection(ProjectConfigurationPlatforms) = postSolution
		{8522599A-AA3E-45F7-950A-2C8FF675BC0B}.Debug|Any CPU.ActiveCfg = Debug|Any CPU
		{8522599A-AA3E-45F7-950A-2C8FF675BC0B}.Debug|Any CPU.Build.0 = Debug|Any CPU
		{8522599A-AA3E-45F7-950A-2C8FF675BC0B}.Release|Any CPU.ActiveCfg = Release|Any CPU
		{8522599A-AA3E-45F7-950A-2C8FF675BC0B}.Release|Any CPU.Build.0 = Release|Any CPU
	EndGlobalSection
	GlobalSection(SolutionProperties) = preSolution
		HideSolutionNode = FALSE
	EndGlobalSection
	GlobalSection(ExtensibilityGlobals) = postSolution
		SolutionGuid = {F77DF1A1-B4E1-422F-A3F6-390589FAA3EA}
	EndGlobalSection
EndGlobal
